<?xml version="1.0" encoding="utf-8"?>
<Project ToolsVersion="4.0" xmlns="http://schemas.microsoft.com/developer/msbuild/2003">
  <ItemGroup>
    <Filter Include="Resource Files">
      <UniqueIdentifier>{67DA6AB6-F800-4c08-8B7A-83BB121AAD01}</UniqueIdentifier>
      <Extensions>rc;ico;cur;bmp;dlg;rc2;rct;bin;rgs;gif;jpg;jpeg;jpe;resx;tiff;tif;png;wav;mfcribbon-ms</Extensions>
    </Filter>
    <Filter Include="lock_free">
      <UniqueIdentifier>{4FC737F1-C7A5-4376-A066-2A32D752A2FF}</UniqueIdentifier>
      <Extensions>cpp;c;cc;cxx;def;odl;idl;hpj;bat;asm;asmx</Extensions>
    </Filter>
    <Filter Include="Design_Patterns">
      <UniqueIdentifier>{3e67fa87-b853-4145-8505-3ff3125cfae0}</UniqueIdentifier>
    </Filter>
    <Filter Include="boost">
      <UniqueIdentifier>{dd8bf079-ef1e-4153-bcd1-66f1a131717a}</UniqueIdentifier>
    </Filter>
  </ItemGroup>
  <ItemGroup>
    <ClCompile Include="barrier.cpp">
      <Filter>boost</Filter>
    </ClCompile>
    <ClCompile Include="Source.cpp">
      <Filter>lock_free</Filter>
    </ClCompile>
    <ClCompile Include="spinlock.cpp">
      <Filter>boost</Filter>
    </ClCompile>
    <ClCompile Include="Simple_spin_lock.cpp">
      <Filter>boost</Filter>
    </ClCompile>
    <ClCompile Include="Lamport.cpp">
      <Filter>lock_free</Filter>
    </ClCompile>
  </ItemGroup>
</Project>