
Microsoft Visual Studio Solution File, Format Version 12.00
# Visual Studio 15
VisualStudioVersion = 15.0.27825.0
MinimumVisualStudioVersion = 10.0.40219.1
Project("{8BC9CEB8-8B4A-11D0-8D11-00A0C91BC942}") = "concurrency", "practice.vcxproj", "{FC6E7316-907E-4AFC-8B16-894B7C0484F5}"
EndProject
Project("{8BC9CEB8-8B4A-11D0-8D11-00A0C91BC942}") = "benchmarking", "..\benchmarking\benchmarking.vcxproj", "{F5C00838-B3B5-4E44-8F5C-E146C56FC543}"
EndProject
Project("{8BC9CEB8-8B4A-11D0-8D11-00A0C91BC942}") = "meta", "..\every\every.vcxproj", "{CBBC7085-FAC8-467E-8521-FA5DF4F81FD3}"
EndProject
Project("{8BC9CEB8-8B4A-11D0-8D11-00A0C91BC942}") = "interview_tasks", "..\interview_tasks\interview_tasks.vcxproj", "{AEBE6809-1E38-45EB-A459-F002BCA181CA}"
EndProject
Project("{8BC9CEB8-8B4A-11D0-8D11-00A0C91BC942}") = "interview_tasks.Test", "..\interview_tasks.Test\interview_tasks.Test.vcxproj", "{A8A15BA7-83D7-47B8-B3C2-9D8D234052D1}"
EndProject
Global
	GlobalSection(SolutionConfigurationPlatforms) = preSolution
		Debug|x64 = Debug|x64
		Debug|x86 = Debug|x86
		Release|x64 = Release|x64
		Release|x86 = Release|x86
	EndGlobalSection
	GlobalSection(ProjectConfigurationPlatforms) = postSolution
		{FC6E7316-907E-4AFC-8B16-894B7C0484F5}.Debug|x64.ActiveCfg = Debug|x64
		{FC6E7316-907E-4AFC-8B16-894B7C0484F5}.Debug|x64.Build.0 = Debug|x64
		{FC6E7316-907E-4AFC-8B16-894B7C0484F5}.Debug|x86.ActiveCfg = Debug|Win32
		{FC6E7316-907E-4AFC-8B16-894B7C0484F5}.Debug|x86.Build.0 = Debug|Win32
		{FC6E7316-907E-4AFC-8B16-894B7C0484F5}.Release|x64.ActiveCfg = Release|x64
		{FC6E7316-907E-4AFC-8B16-894B7C0484F5}.Release|x64.Build.0 = Release|x64
		{FC6E7316-907E-4AFC-8B16-894B7C0484F5}.Release|x86.ActiveCfg = Release|Win32
		{FC6E7316-907E-4AFC-8B16-894B7C0484F5}.Release|x86.Build.0 = Release|Win32
		{F5C00838-B3B5-4E44-8F5C-E146C56FC543}.Debug|x64.ActiveCfg = Debug|x64
		{F5C00838-B3B5-4E44-8F5C-E146C56FC543}.Debug|x64.Build.0 = Debug|x64
		{F5C00838-B3B5-4E44-8F5C-E146C56FC543}.Debug|x86.ActiveCfg = Debug|Win32
		{F5C00838-B3B5-4E44-8F5C-E146C56FC543}.Debug|x86.Build.0 = Debug|Win32
		{F5C00838-B3B5-4E44-8F5C-E146C56FC543}.Release|x64.ActiveCfg = Release|x64
		{F5C00838-B3B5-4E44-8F5C-E146C56FC543}.Release|x64.Build.0 = Release|x64
		{F5C00838-B3B5-4E44-8F5C-E146C56FC543}.Release|x86.ActiveCfg = Release|Win32
		{F5C00838-B3B5-4E44-8F5C-E146C56FC543}.Release|x86.Build.0 = Release|Win32
		{CBBC7085-FAC8-467E-8521-FA5DF4F81FD3}.Debug|x64.ActiveCfg = Debug|x64
		{CBBC7085-FAC8-467E-8521-FA5DF4F81FD3}.Debug|x64.Build.0 = Debug|x64
		{CBBC7085-FAC8-467E-8521-FA5DF4F81FD3}.Debug|x86.ActiveCfg = Debug|Win32
		{CBBC7085-FAC8-467E-8521-FA5DF4F81FD3}.Debug|x86.Build.0 = Debug|Win32
		{CBBC7085-FAC8-467E-8521-FA5DF4F81FD3}.Release|x64.ActiveCfg = Release|x64
		{CBBC7085-FAC8-467E-8521-FA5DF4F81FD3}.Release|x64.Build.0 = Release|x64
		{CBBC7085-FAC8-467E-8521-FA5DF4F81FD3}.Release|x86.ActiveCfg = Release|Win32
		{CBBC7085-FAC8-467E-8521-FA5DF4F81FD3}.Release|x86.Build.0 = Release|Win32
		{AEBE6809-1E38-45EB-A459-F002BCA181CA}.Debug|x64.ActiveCfg = Debug|x64
		{AEBE6809-1E38-45EB-A459-F002BCA181CA}.Debug|x64.Build.0 = Debug|x64
		{AEBE6809-1E38-45EB-A459-F002BCA181CA}.Debug|x86.ActiveCfg = Debug|Win32
		{AEBE6809-1E38-45EB-A459-F002BCA181CA}.Debug|x86.Build.0 = Debug|Win32
		{AEBE6809-1E38-45EB-A459-F002BCA181CA}.Release|x64.ActiveCfg = Release|x64
		{AEBE6809-1E38-45EB-A459-F002BCA181CA}.Release|x64.Build.0 = Release|x64
		{AEBE6809-1E38-45EB-A459-F002BCA181CA}.Release|x86.ActiveCfg = Release|Win32
		{AEBE6809-1E38-45EB-A459-F002BCA181CA}.Release|x86.Build.0 = Release|Win32
		{A8A15BA7-83D7-47B8-B3C2-9D8D234052D1}.Debug|x64.ActiveCfg = Debug|x64
		{A8A15BA7-83D7-47B8-B3C2-9D8D234052D1}.Debug|x64.Build.0 = Debug|x64
		{A8A15BA7-83D7-47B8-B3C2-9D8D234052D1}.Debug|x86.ActiveCfg = Debug|Win32
		{A8A15BA7-83D7-47B8-B3C2-9D8D234052D1}.Debug|x86.Build.0 = Debug|Win32
		{A8A15BA7-83D7-47B8-B3C2-9D8D234052D1}.Release|x64.ActiveCfg = Release|x64
		{A8A15BA7-83D7-47B8-B3C2-9D8D234052D1}.Release|x64.Build.0 = Release|x64
		{A8A15BA7-83D7-47B8-B3C2-9D8D234052D1}.Release|x86.ActiveCfg = Release|Win32
		{A8A15BA7-83D7-47B8-B3C2-9D8D234052D1}.Release|x86.Build.0 = Release|Win32
	EndGlobalSection
	GlobalSection(SolutionProperties) = preSolution
		HideSolutionNode = FALSE
	EndGlobalSection
	GlobalSection(ExtensibilityGlobals) = postSolution
		SolutionGuid = {F5CC9C50-2C1D-43B3-96A8-C10153779372}
	EndGlobalSection
EndGlobal
